
Microsoft Visual Studio Solution File, Format Version 12.00
# Visual Studio Version 16
VisualStudioVersion = 16.0.30717.126
MinimumVisualStudioVersion = 10.0.40219.1
Project("{FAE04EC0-301F-11D3-BF4B-00C04F79EFBC}") = "MISA.CukCuk.Service", "MISA.CukCuk.Service\MISA.CukCuk.Service.csproj", "{DE4F739D-D602-474F-AA1A-B724809D9080}"
EndProject
Global
	GlobalSection(SolutionConfigurationPlatforms) = preSolution
		Debug|Any CPU = Debug|Any CPU
		Release|Any CPU = Release|Any CPU
	EndGlobalSection
	GlobalSection(ProjectConfigurationPlatforms) = postSolution
		{DE4F739D-D602-474F-AA1A-B724809D9080}.Debug|Any CPU.ActiveCfg = Debug|Any CPU
		{DE4F739D-D602-474F-AA1A-B724809D9080}.Debug|Any CPU.Build.0 = Debug|Any CPU
		{DE4F739D-D602-474F-AA1A-B724809D9080}.Release|Any CPU.ActiveCfg = Release|Any CPU
		{DE4F739D-D602-474F-AA1A-B724809D9080}.Release|Any CPU.Build.0 = Release|Any CPU
	EndGlobalSection
	GlobalSection(SolutionProperties) = preSolution
		HideSolutionNode = FALSE
	EndGlobalSection
	GlobalSection(ExtensibilityGlobals) = postSolution
		SolutionGuid = {6D49ABB7-DEA1-4705-BA94-0A26855B71A4}
	EndGlobalSection
EndGlobal
